
Microsoft Visual Studio Solution File, Format Version 12.00
# Visual Studio 2013
VisualStudioVersion = 12.0.21005.1
MinimumVisualStudioVersion = 10.0.40219.1
Project("{FAE04EC0-301F-11D3-BF4B-00C04F79EFBC}") = "QueryHelper", "src\QueryHelper.csproj", "{127A09B1-CCB3-4F70-834D-5A13A208B7C1}"
EndProject
Project("{FAE04EC0-301F-11D3-BF4B-00C04F79EFBC}") = "test", "test\test.csproj", "{63024743-4F61-40A6-BF8E-B8CBB49B24DA}"
EndProject
Project("{2150E333-8FDC-42A3-9474-1A3956D46DE8}") = "Solution Items", "Solution Items", "{26C1D4B8-C673-470F-8E64-82484F4F5F9D}"
	ProjectSection(SolutionItems) = preProject
		README.md = README.md
	EndProjectSection
EndProject
Project("{FAE04EC0-301F-11D3-BF4B-00C04F79EFBC}") = "Example", "Example\Example.csproj", "{AAD165C8-6762-49B2-B57C-8BCD57B62373}"
EndProject
Global
	GlobalSection(SolutionConfigurationPlatforms) = preSolution
		Debug|Any CPU = Debug|Any CPU
		Release|Any CPU = Release|Any CPU
	EndGlobalSection
	GlobalSection(ProjectConfigurationPlatforms) = postSolution
		{127A09B1-CCB3-4F70-834D-5A13A208B7C1}.Debug|Any CPU.ActiveCfg = Debug|Any CPU
		{127A09B1-CCB3-4F70-834D-5A13A208B7C1}.Debug|Any CPU.Build.0 = Debug|Any CPU
		{127A09B1-CCB3-4F70-834D-5A13A208B7C1}.Release|Any CPU.ActiveCfg = Release|Any CPU
		{127A09B1-CCB3-4F70-834D-5A13A208B7C1}.Release|Any CPU.Build.0 = Release|Any CPU
		{63024743-4F61-40A6-BF8E-B8CBB49B24DA}.Debug|Any CPU.ActiveCfg = Debug|Any CPU
		{63024743-4F61-40A6-BF8E-B8CBB49B24DA}.Debug|Any CPU.Build.0 = Debug|Any CPU
		{63024743-4F61-40A6-BF8E-B8CBB49B24DA}.Release|Any CPU.ActiveCfg = Release|Any CPU
		{63024743-4F61-40A6-BF8E-B8CBB49B24DA}.Release|Any CPU.Build.0 = Release|Any CPU
		{AAD165C8-6762-49B2-B57C-8BCD57B62373}.Debug|Any CPU.ActiveCfg = Debug|Any CPU
		{AAD165C8-6762-49B2-B57C-8BCD57B62373}.Debug|Any CPU.Build.0 = Debug|Any CPU
		{AAD165C8-6762-49B2-B57C-8BCD57B62373}.Release|Any CPU.ActiveCfg = Release|Any CPU
		{AAD165C8-6762-49B2-B57C-8BCD57B62373}.Release|Any CPU.Build.0 = Release|Any CPU
	EndGlobalSection
	GlobalSection(SolutionProperties) = preSolution
		HideSolutionNode = FALSE
	EndGlobalSection
EndGlobal
